
Microsoft Visual Studio Solution File, Format Version 12.00
# Visual Studio 15
VisualStudioVersion = 15.0.27130.2010
MinimumVisualStudioVersion = 10.0.40219.1
Project("{FAE04EC0-301F-11D3-BF4B-00C04F79EFBC}") = "Matviy_GITHUB", "Matviy_GITHUB\Matviy_GITHUB.csproj", "{47B13CB0-DC04-4143-9A38-D53A1734DF80}"
EndProject
Global
	GlobalSection(SolutionConfigurationPlatforms) = preSolution
		Debug|Any CPU = Debug|Any CPU
		Release|Any CPU = Release|Any CPU
	EndGlobalSection
	GlobalSection(ProjectConfigurationPlatforms) = postSolution
		{47B13CB0-DC04-4143-9A38-D53A1734DF80}.Debug|Any CPU.ActiveCfg = Debug|Any CPU
		{47B13CB0-DC04-4143-9A38-D53A1734DF80}.Debug|Any CPU.Build.0 = Debug|Any CPU
		{47B13CB0-DC04-4143-9A38-D53A1734DF80}.Release|Any CPU.ActiveCfg = Release|Any CPU
		{47B13CB0-DC04-4143-9A38-D53A1734DF80}.Release|Any CPU.Build.0 = Release|Any CPU
	EndGlobalSection
	GlobalSection(SolutionProperties) = preSolution
		HideSolutionNode = FALSE
	EndGlobalSection
	GlobalSection(ExtensibilityGlobals) = postSolution
		SolutionGuid = {C3F03377-72DF-4309-937C-12C0FDAA92BC}
	EndGlobalSection
EndGlobal
